// !$*UTF8*$!
{
	archiveVersion = 1;
	classes = {
	};
	objectVersion = 46;
	objects = {

/* Begin PBXBuildFile section */
		992A54061B7444B4007BBD70 /* main.m in Sources */ = {isa = PBXBuildFile; fileRef = 992A54051B7444B4007BBD70 /* main.m */; };
		992A54091B7444B4007BBD70 /* AppDelegate.m in Sources */ = {isa = PBXBuildFile; fileRef = 992A54081B7444B4007BBD70 /* AppDelegate.m */; };
		992A540F1B7444B4007BBD70 /* Main.storyboard in Resources */ = {isa = PBXBuildFile; fileRef = 992A540D1B7444B4007BBD70 /* Main.storyboard */; };
		992A54111B7444B4007BBD70 /* Images.xcassets in Resources */ = {isa = PBXBuildFile; fileRef = 992A54101B7444B4007BBD70 /* Images.xcassets */; };
		992A54141B7444B4007BBD70 /* LaunchScreen.xib in Resources */ = {isa = PBXBuildFile; fileRef = 992A54121B7444B4007BBD70 /* LaunchScreen.xib */; };
		992A54201B7444B4007BBD70 /* ____Tests.m in Sources */ = {isa = PBXBuildFile; fileRef = 992A541F1B7444B4007BBD70 /* ____Tests.m */; };
		992A542A1B744786007BBD70 /* ViewController.m in Sources */ = {isa = PBXBuildFile; fileRef = 992A54291B744786007BBD70 /* ViewController.m */; };
/* End PBXBuildFile section */

/* Begin PBXContainerItemProxy section */
		992A541A1B7444B4007BBD70 /* PBXContainerItemProxy */ = {
			isa = PBXContainerItemProxy;
			containerPortal = 992A53F81B7444B4007BBD70 /* Project object */;
			proxyType = 1;
			remoteGlobalIDString = 992A53FF1B7444B4007BBD70;
			remoteInfo = "创建线程";
		};
/* End PBXContainerItemProxy section */

/* Begin PBXFileReference section */
		992A54001B7444B4007BBD70 /* 创建线程.app */ = {isa = PBXFileReference; explicitFileType = wrapper.application; includeInIndex = 0; path = "创建线程.app"; sourceTree = BUILT_PRODUCTS_DIR; };
		992A54041B7444B4007BBD70 /* Info.plist */ = {isa = PBXFileReference; lastKnownFileType = text.plist.xml; path = Info.plist; sourceTree = "<group>"; };
		992A54051B7444B4007BBD70 /* main.m */ = {isa = PBXFileReference; lastKnownFileType = sourcecode.c.objc; path = main.m; sourceTree = "<group>"; };
		992A54071B7444B4007BBD70 /* AppDelegate.h */ = {isa = PBXFileReference; lastKnownFileType = sourcecode.c.h; path = AppDelegate.h; sourceTree = "<group>"; };
		992A54081B7444B4007BBD70 /* AppDelegate.m */ = {isa = PBXFileReference; lastKnownFileType = sourcecode.c.objc; path = AppDelegate.m; sourceTree = "<group>"; };
		992A540A1B7444B4007BBD70 /* ViewController.h */ = {isa = PBXFileReference; lastKnownFileType = sourcecode.c.h; path = ViewController.h; sourceTree = "<group>"; };
		992A540E1B7444B4007BBD70 /* Base */ = {isa = PBXFileReference; lastKnownFileType = file.storyboard; name = Base; path = Base.lproj/Main.storyboard; sourceTree = "<group>"; };
		992A54101B7444B4007BBD70 /* Images.xcassets */ = {isa = PBXFileReference; lastKnownFileType = folder.assetcatalog; path = Images.xcassets; sourceTree = "<group>"; };
		992A54131B7444B4007BBD70 /* Base */ = {isa = PBXFileReference; lastKnownFileType = file.xib; name = Base; path = Base.lproj/LaunchScreen.xib; sourceTree = "<group>"; };
		992A54191B7444B4007BBD70 /* 创建线程Tests.xctest */ = {isa = PBXFileReference; explicitFileType = wrapper.cfbundle; includeInIndex = 0; path = "创建线程Tests.xctest"; sourceTree = BUILT_PRODUCTS_DIR; };
		992A541E1B7444B4007BBD70 /* Info.plist */ = {isa = PBXFileReference; lastKnownFileType = text.plist.xml; path = Info.plist; sourceTree = "<group>"; };
		992A541F1B7444B4007BBD70 /* ____Tests.m */ = {isa = PBXFileReference; lastKnownFileType = sourcecode.c.objc; path = "____Tests.m"; sourceTree = "<group>"; };
		992A54291B744786007BBD70 /* ViewController.m */ = {isa = PBXFileReference; fileEncoding = 4; lastKnownFileType = sourcecode.c.objc; path = ViewController.m; sourceTree = "<group>"; };
/* End PBXFileReference section */

/* Begin PBXFrameworksBuildPhase section */
		992A53FD1B7444B4007BBD70 /* Frameworks */ = {
			isa = PBXFrameworksBuildPhase;
			buildActionMask = 2147483647;
			files = (
			);
			runOnlyForDeploymentPostprocessing = 0;
		};
		992A54161B7444B4007BBD70 /* Frameworks */ = {
			isa = PBXFrameworksBuildPhase;
			buildActionMask = 2147483647;
			files = (
			);
			runOnlyForDeploymentPostprocessing = 0;
		};
/* End PBXFrameworksBuildPhase section */

/* Begin PBXGroup section */
		992A53F71B7444B4007BBD70 = {
			isa = PBXGroup;
			children = (
				992A54021B7444B4007BBD70 /* 创建线程 */,
				992A541C1B7444B4007BBD70 /* 创建线程Tests */,
				992A54011B7444B4007BBD70 /* Products */,
			);
			sourceTree = "<group>";
		};
		992A54011B7444B4007BBD70 /* Products */ = {
			isa = PBXGroup;
			children = (
				992A54001B7444B4007BBD70 /* 创建线程.app */,
				992A54191B7444B4007BBD70 /* 创建线程Tests.xctest */,
			);
			name = Products;
			sourceTree = "<group>";
		};
		992A54021B7444B4007BBD70 /* 创建线程 */ = {
			isa = PBXGroup;
			children = (
				992A54071B7444B4007BBD70 /* AppDelegate.h */,
				992A54081B7444B4007BBD70 /* AppDelegate.m */,
				992A540A1B7444B4007BBD70 /* ViewController.h */,
				992A54291B744786007BBD70 /* ViewController.m */,
				992A540D1B7444B4007BBD70 /* Main.storyboard */,
				992A54101B7444B4007BBD70 /* Images.xcassets */,
				992A54121B7444B4007BBD70 /* LaunchScreen.xib */,
				992A54031B7444B4007BBD70 /* Supporting Files */,
			);
			path = "创建线程";
			sourceTree = "<group>";
		};
		992A54031B7444B4007BBD70 /* Supporting Files */ = {
			isa = PBXGroup;
			children = (
				992A54041B7444B4007BBD70 /* Info.plist */,
				992A54051B7444B4007BBD70 /* main.m */,
			);
			name = "Supporting Files";
			sourceTree = "<group>";
		};
		992A541C1B7444B4007BBD70 /* 创建线程Tests */ = {
			isa = PBXGroup;
			children = (
				992A541F1B7444B4007BBD70 /* ____Tests.m */,
				992A541D1B7444B4007BBD70 /* Supporting Files */,
			);
			path = "创建线程Tests";
			sourceTree = "<group>";
		};
		992A541D1B7444B4007BBD70 /* Supporting Files */ = {
			isa = PBXGroup;
			children = (
				992A541E1B7444B4007BBD70 /* Info.plist */,
			);
			name = "Supporting Files";
			sourceTree = "<group>";
		};
/* End PBXGroup section */

/* Begin PBXNativeTarget section */
		992A53FF1B7444B4007BBD70 /* 创建线程 */ = {
			isa = PBXNativeTarget;
			buildConfigurationList = 992A54231B7444B4007BBD70 /* Build configuration list for PBXNativeTarget "创建线程" */;
			buildPhases = (
				992A53FC1B7444B4007BBD70 /* Sources */,
				992A53FD1B7444B4007BBD70 /* Frameworks */,
				992A53FE1B7444B4007BBD70 /* Resources */,
			);
			buildRules = (
			);
			dependencies = (
			);
			name = "创建线程";
			productName = "创建线程";
			productReference = 992A54001B7444B4007BBD70 /* 创建线程.app */;
			productType = "com.apple.product-type.application";
		};
		992A54181B7444B4007BBD70 /* 创建线程Tests */ = {
			isa = PBXNativeTarget;
			buildConfigurationList = 992A54261B7444B4007BBD70 /* Build configuration list for PBXNativeTarget "创建线程Tests" */;
			buildPhases = (
				992A54151B7444B4007BBD70 /* Sources */,
				992A54161B7444B4007BBD70 /* Frameworks */,
				992A54171B7444B4007BBD70 /* Resources */,
			);
			buildRules = (
			);
			dependencies = (
				992A541B1B7444B4007BBD70 /* PBXTargetDependency */,
			);
			name = "创建线程Tests";
			productName = "创建线程Tests";
			productReference = 992A54191B7444B4007BBD70 /* 创建线程Tests.xctest */;
			productType = "com.apple.product-type.bundle.unit-test";
		};
/* End PBXNativeTarget section */

/* Begin PBXProject section */
		992A53F81B7444B4007BBD70 /* Project object */ = {
			isa = PBXProject;
			attributes = {
				LastUpgradeCheck = 0640;
				ORGANIZATIONNAME = whh;
				TargetAttributes = {
					992A53FF1B7444B4007BBD70 = {
						CreatedOnToolsVersion = 6.4;
					};
					992A54181B7444B4007BBD70 = {
						CreatedOnToolsVersion = 6.4;
						TestTargetID = 992A53FF1B7444B4007BBD70;
					};
				};
			};
			buildConfigurationList = 992A53FB1B7444B4007BBD70 /* Build configuration list for PBXProject "创建线程" */;
			compatibilityVersion = "Xcode 3.2";
			developmentRegion = English;
			hasScannedForEncodings = 0;
			knownRegions = (
				en,
				Base,
			);
			mainGroup = 992A53F71B7444B4007BBD70;
			productRefGroup = 992A54011B7444B4007BBD70 /* Products */;
			projectDirPath = "";
			projectRoot = "";
			targets = (
				992A53FF1B7444B4007BBD70 /* 创建线程 */,
				992A54181B7444B4007BBD70 /* 创建线程Tests */,
			);
		};
/* End PBXProject section */

/* Begin PBXResourcesBuildPhase section */
		992A53FE1B7444B4007BBD70 /* Resources */ = {
			isa = PBXResourcesBuildPhase;
			buildActionMask = 2147483647;
			files = (
				992A540F1B7444B4007BBD70 /* Main.storyboard in Resources */,
				992A54141B7444B4007BBD70 /* LaunchScreen.xib in Resources */,
				992A54111B7444B4007BBD70 /* Images.xcassets in Resources */,
			);
			runOnlyForDeploymentPostprocessing = 0;
		};
		992A54171B7444B4007BBD70 /* Resources */ = {
			isa = PBXResourcesBuildPhase;
			buildActionMask = 2147483647;
			files = (
			);
			runOnlyForDeploymentPostprocessing = 0;
		};
/* End PBXResourcesBuildPhase section */

/* Begin PBXSourcesBuildPhase section */
		992A53FC1B7444B4007BBD70 /* Sources */ = {
			isa = PBXSourcesBuildPhase;
			buildActionMask = 2147483647;
			files = (
				992A54091B7444B4007BBD70 /* AppDelegate.m in Sources */,
				992A542A1B744786007BBD70 /* ViewController.m in Sources */,
				992A54061B7444B4007BBD70 /* main.m in Sources */,
			);
			runOnlyForDeploymentPostprocessing = 0;
		};
		992A54151B7444B4007BBD70 /* Sources */ = {
			isa = PBXSourcesBuildPhase;
			buildActionMask = 2147483647;
			files = (
				992A54201B7444B4007BBD70 /* ____Tests.m in Sources */,
			);
			runOnlyForDeploymentPostprocessing = 0;
		};
/* End PBXSourcesBuildPhase section */

/* Begin PBXTargetDependency section */
		992A541B1B7444B4007BBD70 /* PBXTargetDependency */ = {
			isa = PBXTargetDependency;
			target = 992A53FF1B7444B4007BBD70 /* 创建线程 */;
			targetProxy = 992A541A1B7444B4007BBD70 /* PBXContainerItemProxy */;
		};
/* End PBXTargetDependency section */

/* Begin PBXVariantGroup section */
		992A540D1B7444B4007BBD70 /* Main.storyboard */ = {
			isa = PBXVariantGroup;
			children = (
				992A540E1B7444B4007BBD70 /* Base */,
			);
			name = Main.storyboard;
			sourceTree = "<group>";
		};
		992A54121B7444B4007BBD70 /* LaunchScreen.xib */ = {
			isa = PBXVariantGroup;
			children = (
				992A54131B7444B4007BBD70 /* Base */,
			);
			name = LaunchScreen.xib;
			sourceTree = "<group>";
		};
/* End PBXVariantGroup section */

/* Begin XCBuildConfiguration section */
		992A54211B7444B4007BBD70 /* Debug */ = {
			isa = XCBuildConfiguration;
			buildSettings = {
				ALWAYS_SEARCH_USER_PATHS = NO;
				CLANG_CXX_LANGUAGE_STANDARD = "gnu++0x";
				CLANG_CXX_LIBRARY = "libc++";
				CLANG_ENABLE_MODULES = YES;
				CLANG_ENABLE_OBJC_ARC = YES;
				CLANG_WARN_BOOL_CONVERSION = YES;
				CLANG_WARN_CONSTANT_CONVERSION = YES;
				CLANG_WARN_DIRECT_OBJC_ISA_USAGE = YES_ERROR;
				CLANG_WARN_EMPTY_BODY = YES;
				CLANG_WARN_ENUM_CONVERSION = YES;
				CLANG_WARN_INT_CONVERSION = YES;
				CLANG_WARN_OBJC_ROOT_CLASS = YES_ERROR;
				CLANG_WARN_UNREACHABLE_CODE = YES;
				CLANG_WARN__DUPLICATE_METHOD_MATCH = YES;
				"CODE_SIGN_IDENTITY[sdk=iphoneos*]" = "iPhone Developer";
				COPY_PHASE_STRIP = NO;
				DEBUG_INFORMATION_FORMAT = "dwarf-with-dsym";
				ENABLE_STRICT_OBJC_MSGSEND = YES;
				GCC_C_LANGUAGE_STANDARD = gnu99;
				GCC_DYNAMIC_NO_PIC = NO;
				GCC_NO_COMMON_BLOCKS = YES;
				GCC_OPTIMIZATION_LEVEL = 0;
				GCC_PREPROCESSOR_DEFINITIONS = (
					"DEBUG=1",
					"$(inherited)",
				);
				GCC_SYMBOLS_PRIVATE_EXTERN = NO;
				GCC_WARN_64_TO_32_BIT_CONVERSION = YES;
				GCC_WARN_ABOUT_RETURN_TYPE = YES_ERROR;
				GCC_WARN_UNDECLARED_SELECTOR = YES;
				GCC_WARN_UNINITIALIZED_AUTOS = YES_AGGRESSIVE;
				GCC_WARN_UNUSED_FUNCTION = YES;
				GCC_WARN_UNUSED_VARIABLE = YES;
				IPHONEOS_DEPLOYMENT_TARGET = 8.4;
				MTL_ENABLE_DEBUG_INFO = YES;
				ONLY_ACTIVE_ARCH = YES;
				SDKROOT = iphoneos;
				TARGETED_DEVICE_FAMILY = "1,2";
			};
			name = Debug;
		};
		992A54221B7444B4007BBD70 /* Release */ = {
			isa = XCBuildConfiguration;
			buildSettings = {
				ALWAYS_SEARCH_USER_PATHS = NO;
				CLANG_CXX_LANGUAGE_STANDARD = "gnu++0x";
				CLANG_CXX_LIBRARY = "libc++";
				CLANG_ENABLE_MODULES = YES;
				CLANG_ENABLE_OBJC_ARC = YES;
				CLANG_WARN_BOOL_CONVERSION = YES;
				CLANG_WARN_CONSTANT_CONVERSION = YES;
				CLANG_WARN_DIRECT_OBJC_ISA_USAGE = YES_ERROR;
				CLANG_WARN_EMPTY_BODY = YES;
				CLANG_WARN_ENUM_CONVERSION = YES;
				CLANG_WARN_INT_CONVERSION = YES;
				CLANG_WARN_OBJC_ROOT_CLASS = YES_ERROR;
				CLANG_WARN_UNREACHABLE_CODE = YES;
				CLANG_WARN__DUPLICATE_METHOD_MATCH = YES;
				"CODE_SIGN_IDENTITY[sdk=iphoneos*]" = "iPhone Developer";
				COPY_PHASE_STRIP = NO;
				DEBUG_INFORMATION_FORMAT = "dwarf-with-dsym";
				ENABLE_NS_ASSERTIONS = NO;
				ENABLE_STRICT_OBJC_MSGSEND = YES;
				GCC_C_LANGUAGE_STANDARD = gnu99;
				GCC_NO_COMMON_BLOCKS = YES;
				GCC_WARN_64_TO_32_BIT_CONVERSION = YES;
				GCC_WARN_ABOUT_RETURN_TYPE = YES_ERROR;
				GCC_WARN_UNDECLARED_SELECTOR = YES;
				GCC_WARN_UNINITIALIZED_AUTOS = YES_AGGRESSIVE;
				GCC_WARN_UNUSED_FUNCTION = YES;
				GCC_WARN_UNUSED_VARIABLE = YES;
				IPHONEOS_DEPLOYMENT_TARGET = 8.4;
				MTL_ENABLE_DEBUG_INFO = NO;
				SDKROOT = iphoneos;
				TARGETED_DEVICE_FAMILY = "1,2";
				VALIDATE_PRODUCT = YES;
			};
			name = Release;
		};
		992A54241B7444B4007BBD70 /* Debug */ = {
			isa = XCBuildConfiguration;
			buildSettings = {
				ASSETCATALOG_COMPILER_APPICON_NAME = AppIcon;
				INFOPLIST_FILE = "创建线程/Info.plist";
				LD_RUNPATH_SEARCH_PATHS = "$(inherited) @executable_path/Frameworks";
				PRODUCT_NAME = "$(TARGET_NAME)";
			};
			name = Debug;
		};
		992A54251B7444B4007BBD70 /* Release */ = {
			isa = XCBuildConfiguration;
			buildSettings = {
				ASSETCATALOG_COMPILER_APPICON_NAME = AppIcon;
				INFOPLIST_FILE = "创建线程/Info.plist";
				LD_RUNPATH_SEARCH_PATHS = "$(inherited) @executable_path/Frameworks";
				PRODUCT_NAME = "$(TARGET_NAME)";
			};
			name = Release;
		};
		992A54271B7444B4007BBD70 /* Debug */ = {
			isa = XCBuildConfiguration;
			buildSettings = {
				BUNDLE_LOADER = "$(TEST_HOST)";
				FRAMEWORK_SEARCH_PATHS = (
					"$(SDKROOT)/Developer/Library/Frameworks",
					"$(inherited)",
				);
				GCC_PREPROCESSOR_DEFINITIONS = (
					"DEBUG=1",
					"$(inherited)",
				);
				INFOPLIST_FILE = "创建线程Tests/Info.plist";
				LD_RUNPATH_SEARCH_PATHS = "$(inherited) @executable_path/Frameworks @loader_path/Frameworks";
				PRODUCT_NAME = "$(TARGET_NAME)";
				TEST_HOST = "$(BUILT_PRODUCTS_DIR)/创建线程.app/创建线程";
			};
			name = Debug;
		};
		992A54281B7444B4007BBD70 /* Release */ = {
			isa = XCBuildConfiguration;
			buildSettings = {
				BUNDLE_LOADER = "$(TEST_HOST)";
				FRAMEWORK_SEARCH_PATHS = (
					"$(SDKROOT)/Developer/Library/Frameworks",
					"$(inherited)",
				);
				INFOPLIST_FILE = "创建线程Tests/Info.plist";
				LD_RUNPATH_SEARCH_PATHS = "$(inherited) @executable_path/Frameworks @loader_path/Frameworks";
				PRODUCT_NAME = "$(TARGET_NAME)";
				TEST_HOST = "$(BUILT_PRODUCTS_DIR)/创建线程.app/创建线程";
			};
			name = Release;
		};
/* End XCBuildConfiguration section */

/* Begin XCConfigurationList section */
		992A53FB1B7444B4007BBD70 /* Build configuration list for PBXProject "创建线程" */ = {
			isa = XCConfigurationList;
			buildConfigurations = (
				992A54211B7444B4007BBD70 /* Debug */,
				992A54221B7444B4007BBD70 /* Release */,
			);
			defaultConfigurationIsVisible = 0;
			defaultConfigurationName = Release;
		};
		992A54231B7444B4007BBD70 /* Build configuration list for PBXNativeTarget "创建线程" */ = {
			isa = XCConfigurationList;
			buildConfigurations = (
				992A54241B7444B4007BBD70 /* Debug */,
				992A54251B7444B4007BBD70 /* Release */,
			);
			defaultConfigurationIsVisible = 0;
		};
		992A54261B7444B4007BBD70 /* Build configuration list for PBXNativeTarget "创建线程Tests" */ = {
			isa = XCConfigurationList;
			buildConfigurations = (
				992A54271B7444B4007BBD70 /* Debug */,
				992A54281B7444B4007BBD70 /* Release */,
			);
			defaultConfigurationIsVisible = 0;
		};
/* End XCConfigurationList section */
	};
	rootObject = 992A53F81B7444B4007BBD70 /* Project object */;
}
